
Microsoft Visual Studio Solution File, Format Version 12.00
# Visual Studio 15
VisualStudioVersion = 15.0.26124.0
MinimumVisualStudioVersion = 15.0.26124.0
Project("{2150E333-8FDC-42A3-9474-1A3956D46DE8}") = "src", "src", "{BC5322DD-805F-47F6-8ECE-15F5D0AB2D5C}"
EndProject
Project("{2150E333-8FDC-42A3-9474-1A3956D46DE8}") = "MvcClient", "MvcClient", "{9DFD8338-0F95-49E8-84D3-0DCC67A343AA}"
EndProject
Project("{FAE04EC0-301F-11D3-BF4B-00C04F79EFBC}") = "ImageGallery.MvcClient.Services", "src\MvcClient\ImageGallery.MvcClient.Services\ImageGallery.MvcClient.Services.csproj", "{B1009927-68A7-4EA1-A41A-25F62FB817EF}"
EndProject
Project("{FAE04EC0-301F-11D3-BF4B-00C04F79EFBC}") = "ImageGallery.MvcClient.ViewModels", "src\MvcClient\ImageGallery.MvcClient.ViewModels\ImageGallery.MvcClient.ViewModels.csproj", "{CDAF8ED8-F907-44C4-B8FD-8A616128D88F}"
EndProject
Project("{FAE04EC0-301F-11D3-BF4B-00C04F79EFBC}") = "ImageGallery.MvcClient.WebApp", "src\MvcClient\ImageGallery.MvcClient.WebApp\ImageGallery.MvcClient.WebApp.csproj", "{D26002A1-E5E1-43ED-9E55-E22A568C160A}"
EndProject
Project("{2150E333-8FDC-42A3-9474-1A3956D46DE8}") = "WebApi", "WebApi", "{80DEDF87-42DE-47FE-9EC3-64A67B09069B}"
EndProject
Project("{FAE04EC0-301F-11D3-BF4B-00C04F79EFBC}") = "ImageGallery.WebApi.DataLayer", "src\WebApi\ImageGallery.WebApi.DataLayer\ImageGallery.WebApi.DataLayer.csproj", "{CD3BDA44-F718-4745-A21A-CF4FC7633BA3}"
EndProject
Project("{FAE04EC0-301F-11D3-BF4B-00C04F79EFBC}") = "ImageGallery.WebApi.DomainClasses", "src\WebApi\ImageGallery.WebApi.DomainClasses\ImageGallery.WebApi.DomainClasses.csproj", "{6117E907-61B5-470A-BBB9-F51743BA8476}"
EndProject
Project("{FAE04EC0-301F-11D3-BF4B-00C04F79EFBC}") = "ImageGallery.WebApi.Models", "src\WebApi\ImageGallery.WebApi.Models\ImageGallery.WebApi.Models.csproj", "{D0EDC2BE-89E3-420B-BD08-2D40CCA74421}"
EndProject
Project("{FAE04EC0-301F-11D3-BF4B-00C04F79EFBC}") = "ImageGallery.WebApi.Services", "src\WebApi\ImageGallery.WebApi.Services\ImageGallery.WebApi.Services.csproj", "{90FCDB6F-0AA8-41DB-855D-EED150E46CD4}"
EndProject
Project("{FAE04EC0-301F-11D3-BF4B-00C04F79EFBC}") = "ImageGallery.WebApi.WebApp", "src\WebApi\ImageGallery.WebApi.WebApp\ImageGallery.WebApi.WebApp.csproj", "{12AFCBFF-0650-4B69-99CE-E17493B5CF70}"
EndProject
Project("{FAE04EC0-301F-11D3-BF4B-00C04F79EFBC}") = "ImageGallery.WebApi.Mappings", "src\WebApi\ImageGallery.WebApi.Mappings\ImageGallery.WebApi.Mappings.csproj", "{0521ADF5-988B-4936-998A-D92A5CC1A5EC}"
EndProject
Global
	GlobalSection(SolutionConfigurationPlatforms) = preSolution
		Debug|Any CPU = Debug|Any CPU
		Debug|x64 = Debug|x64
		Debug|x86 = Debug|x86
		Release|Any CPU = Release|Any CPU
		Release|x64 = Release|x64
		Release|x86 = Release|x86
	EndGlobalSection
	GlobalSection(SolutionProperties) = preSolution
		HideSolutionNode = FALSE
	EndGlobalSection
	GlobalSection(ProjectConfigurationPlatforms) = postSolution
		{B1009927-68A7-4EA1-A41A-25F62FB817EF}.Debug|Any CPU.ActiveCfg = Debug|Any CPU
		{B1009927-68A7-4EA1-A41A-25F62FB817EF}.Debug|Any CPU.Build.0 = Debug|Any CPU
		{B1009927-68A7-4EA1-A41A-25F62FB817EF}.Debug|x64.ActiveCfg = Debug|Any CPU
		{B1009927-68A7-4EA1-A41A-25F62FB817EF}.Debug|x64.Build.0 = Debug|Any CPU
		{B1009927-68A7-4EA1-A41A-25F62FB817EF}.Debug|x86.ActiveCfg = Debug|Any CPU
		{B1009927-68A7-4EA1-A41A-25F62FB817EF}.Debug|x86.Build.0 = Debug|Any CPU
		{B1009927-68A7-4EA1-A41A-25F62FB817EF}.Release|Any CPU.ActiveCfg = Release|Any CPU
		{B1009927-68A7-4EA1-A41A-25F62FB817EF}.Release|Any CPU.Build.0 = Release|Any CPU
		{B1009927-68A7-4EA1-A41A-25F62FB817EF}.Release|x64.ActiveCfg = Release|Any CPU
		{B1009927-68A7-4EA1-A41A-25F62FB817EF}.Release|x64.Build.0 = Release|Any CPU
		{B1009927-68A7-4EA1-A41A-25F62FB817EF}.Release|x86.ActiveCfg = Release|Any CPU
		{B1009927-68A7-4EA1-A41A-25F62FB817EF}.Release|x86.Build.0 = Release|Any CPU
		{CDAF8ED8-F907-44C4-B8FD-8A616128D88F}.Debug|Any CPU.ActiveCfg = Debug|Any CPU
		{CDAF8ED8-F907-44C4-B8FD-8A616128D88F}.Debug|Any CPU.Build.0 = Debug|Any CPU
		{CDAF8ED8-F907-44C4-B8FD-8A616128D88F}.Debug|x64.ActiveCfg = Debug|Any CPU
		{CDAF8ED8-F907-44C4-B8FD-8A616128D88F}.Debug|x64.Build.0 = Debug|Any CPU
		{CDAF8ED8-F907-44C4-B8FD-8A616128D88F}.Debug|x86.ActiveCfg = Debug|Any CPU
		{CDAF8ED8-F907-44C4-B8FD-8A616128D88F}.Debug|x86.Build.0 = Debug|Any CPU
		{CDAF8ED8-F907-44C4-B8FD-8A616128D88F}.Release|Any CPU.ActiveCfg = Release|Any CPU
		{CDAF8ED8-F907-44C4-B8FD-8A616128D88F}.Release|Any CPU.Build.0 = Release|Any CPU
		{CDAF8ED8-F907-44C4-B8FD-8A616128D88F}.Release|x64.ActiveCfg = Release|Any CPU
		{CDAF8ED8-F907-44C4-B8FD-8A616128D88F}.Release|x64.Build.0 = Release|Any CPU
		{CDAF8ED8-F907-44C4-B8FD-8A616128D88F}.Release|x86.ActiveCfg = Release|Any CPU
		{CDAF8ED8-F907-44C4-B8FD-8A616128D88F}.Release|x86.Build.0 = Release|Any CPU
		{D26002A1-E5E1-43ED-9E55-E22A568C160A}.Debug|Any CPU.ActiveCfg = Debug|Any CPU
		{D26002A1-E5E1-43ED-9E55-E22A568C160A}.Debug|Any CPU.Build.0 = Debug|Any CPU
		{D26002A1-E5E1-43ED-9E55-E22A568C160A}.Debug|x64.ActiveCfg = Debug|Any CPU
		{D26002A1-E5E1-43ED-9E55-E22A568C160A}.Debug|x64.Build.0 = Debug|Any CPU
		{D26002A1-E5E1-43ED-9E55-E22A568C160A}.Debug|x86.ActiveCfg = Debug|Any CPU
		{D26002A1-E5E1-43ED-9E55-E22A568C160A}.Debug|x86.Build.0 = Debug|Any CPU
		{D26002A1-E5E1-43ED-9E55-E22A568C160A}.Release|Any CPU.ActiveCfg = Release|Any CPU
		{D26002A1-E5E1-43ED-9E55-E22A568C160A}.Release|Any CPU.Build.0 = Release|Any CPU
		{D26002A1-E5E1-43ED-9E55-E22A568C160A}.Release|x64.ActiveCfg = Release|Any CPU
		{D26002A1-E5E1-43ED-9E55-E22A568C160A}.Release|x64.Build.0 = Release|Any CPU
		{D26002A1-E5E1-43ED-9E55-E22A568C160A}.Release|x86.ActiveCfg = Release|Any CPU
		{D26002A1-E5E1-43ED-9E55-E22A568C160A}.Release|x86.Build.0 = Release|Any CPU
		{CD3BDA44-F718-4745-A21A-CF4FC7633BA3}.Debug|Any CPU.ActiveCfg = Debug|Any CPU
		{CD3BDA44-F718-4745-A21A-CF4FC7633BA3}.Debug|Any CPU.Build.0 = Debug|Any CPU
		{CD3BDA44-F718-4745-A21A-CF4FC7633BA3}.Debug|x64.ActiveCfg = Debug|Any CPU
		{CD3BDA44-F718-4745-A21A-CF4FC7633BA3}.Debug|x64.Build.0 = Debug|Any CPU
		{CD3BDA44-F718-4745-A21A-CF4FC7633BA3}.Debug|x86.ActiveCfg = Debug|Any CPU
		{CD3BDA44-F718-4745-A21A-CF4FC7633BA3}.Debug|x86.Build.0 = Debug|Any CPU
		{CD3BDA44-F718-4745-A21A-CF4FC7633BA3}.Release|Any CPU.ActiveCfg = Release|Any CPU
		{CD3BDA44-F718-4745-A21A-CF4FC7633BA3}.Release|Any CPU.Build.0 = Release|Any CPU
		{CD3BDA44-F718-4745-A21A-CF4FC7633BA3}.Release|x64.ActiveCfg = Release|Any CPU
		{CD3BDA44-F718-4745-A21A-CF4FC7633BA3}.Release|x64.Build.0 = Release|Any CPU
		{CD3BDA44-F718-4745-A21A-CF4FC7633BA3}.Release|x86.ActiveCfg = Release|Any CPU
		{CD3BDA44-F718-4745-A21A-CF4FC7633BA3}.Release|x86.Build.0 = Release|Any CPU
		{6117E907-61B5-470A-BBB9-F51743BA8476}.Debug|Any CPU.ActiveCfg = Debug|Any CPU
		{6117E907-61B5-470A-BBB9-F51743BA8476}.Debug|Any CPU.Build.0 = Debug|Any CPU
		{6117E907-61B5-470A-BBB9-F51743BA8476}.Debug|x64.ActiveCfg = Debug|Any CPU
		{6117E907-61B5-470A-BBB9-F51743BA8476}.Debug|x64.Build.0 = Debug|Any CPU
		{6117E907-61B5-470A-BBB9-F51743BA8476}.Debug|x86.ActiveCfg = Debug|Any CPU
		{6117E907-61B5-470A-BBB9-F51743BA8476}.Debug|x86.Build.0 = Debug|Any CPU
		{6117E907-61B5-470A-BBB9-F51743BA8476}.Release|Any CPU.ActiveCfg = Release|Any CPU
		{6117E907-61B5-470A-BBB9-F51743BA8476}.Release|Any CPU.Build.0 = Release|Any CPU
		{6117E907-61B5-470A-BBB9-F51743BA8476}.Release|x64.ActiveCfg = Release|Any CPU
		{6117E907-61B5-470A-BBB9-F51743BA8476}.Release|x64.Build.0 = Release|Any CPU
		{6117E907-61B5-470A-BBB9-F51743BA8476}.Release|x86.ActiveCfg = Release|Any CPU
		{6117E907-61B5-470A-BBB9-F51743BA8476}.Release|x86.Build.0 = Release|Any CPU
		{D0EDC2BE-89E3-420B-BD08-2D40CCA74421}.Debug|Any CPU.ActiveCfg = Debug|Any CPU
		{D0EDC2BE-89E3-420B-BD08-2D40CCA74421}.Debug|Any CPU.Build.0 = Debug|Any CPU
		{D0EDC2BE-89E3-420B-BD08-2D40CCA74421}.Debug|x64.ActiveCfg = Debug|Any CPU
		{D0EDC2BE-89E3-420B-BD08-2D40CCA74421}.Debug|x64.Build.0 = Debug|Any CPU
		{D0EDC2BE-89E3-420B-BD08-2D40CCA74421}.Debug|x86.ActiveCfg = Debug|Any CPU
		{D0EDC2BE-89E3-420B-BD08-2D40CCA74421}.Debug|x86.Build.0 = Debug|Any CPU
		{D0EDC2BE-89E3-420B-BD08-2D40CCA74421}.Release|Any CPU.ActiveCfg = Release|Any CPU
		{D0EDC2BE-89E3-420B-BD08-2D40CCA74421}.Release|Any CPU.Build.0 = Release|Any CPU
		{D0EDC2BE-89E3-420B-BD08-2D40CCA74421}.Release|x64.ActiveCfg = Release|Any CPU
		{D0EDC2BE-89E3-420B-BD08-2D40CCA74421}.Release|x64.Build.0 = Release|Any CPU
		{D0EDC2BE-89E3-420B-BD08-2D40CCA74421}.Release|x86.ActiveCfg = Release|Any CPU
		{D0EDC2BE-89E3-420B-BD08-2D40CCA74421}.Release|x86.Build.0 = Release|Any CPU
		{90FCDB6F-0AA8-41DB-855D-EED150E46CD4}.Debug|Any CPU.ActiveCfg = Debug|Any CPU
		{90FCDB6F-0AA8-41DB-855D-EED150E46CD4}.Debug|Any CPU.Build.0 = Debug|Any CPU
		{90FCDB6F-0AA8-41DB-855D-EED150E46CD4}.Debug|x64.ActiveCfg = Debug|Any CPU
		{90FCDB6F-0AA8-41DB-855D-EED150E46CD4}.Debug|x64.Build.0 = Debug|Any CPU
		{90FCDB6F-0AA8-41DB-855D-EED150E46CD4}.Debug|x86.ActiveCfg = Debug|Any CPU
		{90FCDB6F-0AA8-41DB-855D-EED150E46CD4}.Debug|x86.Build.0 = Debug|Any CPU
		{90FCDB6F-0AA8-41DB-855D-EED150E46CD4}.Release|Any CPU.ActiveCfg = Release|Any CPU
		{90FCDB6F-0AA8-41DB-855D-EED150E46CD4}.Release|Any CPU.Build.0 = Release|Any CPU
		{90FCDB6F-0AA8-41DB-855D-EED150E46CD4}.Release|x64.ActiveCfg = Release|Any CPU
		{90FCDB6F-0AA8-41DB-855D-EED150E46CD4}.Release|x64.Build.0 = Release|Any CPU
		{90FCDB6F-0AA8-41DB-855D-EED150E46CD4}.Release|x86.ActiveCfg = Release|Any CPU
		{90FCDB6F-0AA8-41DB-855D-EED150E46CD4}.Release|x86.Build.0 = Release|Any CPU
		{12AFCBFF-0650-4B69-99CE-E17493B5CF70}.Debug|Any CPU.ActiveCfg = Debug|Any CPU
		{12AFCBFF-0650-4B69-99CE-E17493B5CF70}.Debug|Any CPU.Build.0 = Debug|Any CPU
		{12AFCBFF-0650-4B69-99CE-E17493B5CF70}.Debug|x64.ActiveCfg = Debug|Any CPU
		{12AFCBFF-0650-4B69-99CE-E17493B5CF70}.Debug|x64.Build.0 = Debug|Any CPU
		{12AFCBFF-0650-4B69-99CE-E17493B5CF70}.Debug|x86.ActiveCfg = Debug|Any CPU
		{12AFCBFF-0650-4B69-99CE-E17493B5CF70}.Debug|x86.Build.0 = Debug|Any CPU
		{12AFCBFF-0650-4B69-99CE-E17493B5CF70}.Release|Any CPU.ActiveCfg = Release|Any CPU
		{12AFCBFF-0650-4B69-99CE-E17493B5CF70}.Release|Any CPU.Build.0 = Release|Any CPU
		{12AFCBFF-0650-4B69-99CE-E17493B5CF70}.Release|x64.ActiveCfg = Release|Any CPU
		{12AFCBFF-0650-4B69-99CE-E17493B5CF70}.Release|x64.Build.0 = Release|Any CPU
		{12AFCBFF-0650-4B69-99CE-E17493B5CF70}.Release|x86.ActiveCfg = Release|Any CPU
		{12AFCBFF-0650-4B69-99CE-E17493B5CF70}.Release|x86.Build.0 = Release|Any CPU
		{0521ADF5-988B-4936-998A-D92A5CC1A5EC}.Debug|Any CPU.ActiveCfg = Debug|Any CPU
		{0521ADF5-988B-4936-998A-D92A5CC1A5EC}.Debug|Any CPU.Build.0 = Debug|Any CPU
		{0521ADF5-988B-4936-998A-D92A5CC1A5EC}.Debug|x64.ActiveCfg = Debug|Any CPU
		{0521ADF5-988B-4936-998A-D92A5CC1A5EC}.Debug|x64.Build.0 = Debug|Any CPU
		{0521ADF5-988B-4936-998A-D92A5CC1A5EC}.Debug|x86.ActiveCfg = Debug|Any CPU
		{0521ADF5-988B-4936-998A-D92A5CC1A5EC}.Debug|x86.Build.0 = Debug|Any CPU
		{0521ADF5-988B-4936-998A-D92A5CC1A5EC}.Release|Any CPU.ActiveCfg = Release|Any CPU
		{0521ADF5-988B-4936-998A-D92A5CC1A5EC}.Release|Any CPU.Build.0 = Release|Any CPU
		{0521ADF5-988B-4936-998A-D92A5CC1A5EC}.Release|x64.ActiveCfg = Release|Any CPU
		{0521ADF5-988B-4936-998A-D92A5CC1A5EC}.Release|x64.Build.0 = Release|Any CPU
		{0521ADF5-988B-4936-998A-D92A5CC1A5EC}.Release|x86.ActiveCfg = Release|Any CPU
		{0521ADF5-988B-4936-998A-D92A5CC1A5EC}.Release|x86.Build.0 = Release|Any CPU
	EndGlobalSection
	GlobalSection(NestedProjects) = preSolution
		{9DFD8338-0F95-49E8-84D3-0DCC67A343AA} = {BC5322DD-805F-47F6-8ECE-15F5D0AB2D5C}
		{B1009927-68A7-4EA1-A41A-25F62FB817EF} = {9DFD8338-0F95-49E8-84D3-0DCC67A343AA}
		{CDAF8ED8-F907-44C4-B8FD-8A616128D88F} = {9DFD8338-0F95-49E8-84D3-0DCC67A343AA}
		{D26002A1-E5E1-43ED-9E55-E22A568C160A} = {9DFD8338-0F95-49E8-84D3-0DCC67A343AA}
		{80DEDF87-42DE-47FE-9EC3-64A67B09069B} = {BC5322DD-805F-47F6-8ECE-15F5D0AB2D5C}
		{CD3BDA44-F718-4745-A21A-CF4FC7633BA3} = {80DEDF87-42DE-47FE-9EC3-64A67B09069B}
		{6117E907-61B5-470A-BBB9-F51743BA8476} = {80DEDF87-42DE-47FE-9EC3-64A67B09069B}
		{D0EDC2BE-89E3-420B-BD08-2D40CCA74421} = {80DEDF87-42DE-47FE-9EC3-64A67B09069B}
		{90FCDB6F-0AA8-41DB-855D-EED150E46CD4} = {80DEDF87-42DE-47FE-9EC3-64A67B09069B}
		{12AFCBFF-0650-4B69-99CE-E17493B5CF70} = {80DEDF87-42DE-47FE-9EC3-64A67B09069B}
		{0521ADF5-988B-4936-998A-D92A5CC1A5EC} = {80DEDF87-42DE-47FE-9EC3-64A67B09069B}
	EndGlobalSection
EndGlobal
